
Microsoft Visual Studio Solution File, Format Version 12.00
# Visual Studio Version 17
VisualStudioVersion = 17.5.33516.290
MinimumVisualStudioVersion = 10.0.40219.1
Project("{9A19103F-16F7-4668-BE54-9A1E7A4F7556}") = "Foo", "Foo\Foo.csproj", "{19E3C66F-9CAC-43A6-B3CA-5AF63FC3A383}"
EndProject
Project("{9A19103F-16F7-4668-BE54-9A1E7A4F7556}") = "Bar", "Bar\Bar.csproj", "{00B158A0-B676-4CC6-8236-2187A5B6B26F}"
EndProject
Project("{9A19103F-16F7-4668-BE54-9A1E7A4F7556}") = "App", "App\App.csproj", "{D3796BBB-B97B-4427-B57E-24C1963A8B41}"
EndProject
Global
	GlobalSection(SolutionConfigurationPlatforms) = preSolution
		Debug|Any CPU = Debug|Any CPU
		Release|Any CPU = Release|Any CPU
	EndGlobalSection
	GlobalSection(ProjectConfigurationPlatforms) = postSolution
		{19E3C66F-9CAC-43A6-B3CA-5AF63FC3A383}.Debug|Any CPU.ActiveCfg = Debug|Any CPU
		{19E3C66F-9CAC-43A6-B3CA-5AF63FC3A383}.Debug|Any CPU.Build.0 = Debug|Any CPU
		{19E3C66F-9CAC-43A6-B3CA-5AF63FC3A383}.Release|Any CPU.ActiveCfg = Release|Any CPU
		{19E3C66F-9CAC-43A6-B3CA-5AF63FC3A383}.Release|Any CPU.Build.0 = Release|Any CPU
		{00B158A0-B676-4CC6-8236-2187A5B6B26F}.Debug|Any CPU.ActiveCfg = Debug|Any CPU
		{00B158A0-B676-4CC6-8236-2187A5B6B26F}.Debug|Any CPU.Build.0 = Debug|Any CPU
		{00B158A0-B676-4CC6-8236-2187A5B6B26F}.Release|Any CPU.ActiveCfg = Release|Any CPU
		{00B158A0-B676-4CC6-8236-2187A5B6B26F}.Release|Any CPU.Build.0 = Release|Any CPU
		{D3796BBB-B97B-4427-B57E-24C1963A8B41}.Debug|Any CPU.ActiveCfg = Debug|Any CPU
		{D3796BBB-B97B-4427-B57E-24C1963A8B41}.Debug|Any CPU.Build.0 = Debug|Any CPU
		{D3796BBB-B97B-4427-B57E-24C1963A8B41}.Release|Any CPU.ActiveCfg = Release|Any CPU
		{D3796BBB-B97B-4427-B57E-24C1963A8B41}.Release|Any CPU.Build.0 = Release|Any CPU
	EndGlobalSection
	GlobalSection(SolutionProperties) = preSolution
		HideSolutionNode = FALSE
	EndGlobalSection
	GlobalSection(ExtensibilityGlobals) = postSolution
		SolutionGuid = {3F0B1F94-F737-4555-894D-C9F357035F27}
	EndGlobalSection
EndGlobal
